
Microsoft Visual Studio Solution File, Format Version 12.00
# Visual Studio Version 17
VisualStudioVersion = 17.11.35312.102
MinimumVisualStudioVersion = 10.0.40219.1
Project("{FAE04EC0-301F-11D3-BF4B-00C04F79EFBC}") = "Roman_Cristina_Lab7", "Roman_Cristina_Lab7.csproj", "{10639C18-202B-4525-890B-4FA698DB0653}"
EndProject
Global
	GlobalSection(SolutionConfigurationPlatforms) = preSolution
		Debug|Any CPU = Debug|Any CPU
		Release|Any CPU = Release|Any CPU
	EndGlobalSection
	GlobalSection(ProjectConfigurationPlatforms) = postSolution
		{10639C18-202B-4525-890B-4FA698DB0653}.Debug|Any CPU.ActiveCfg = Debug|Any CPU
		{10639C18-202B-4525-890B-4FA698DB0653}.Debug|Any CPU.Build.0 = Debug|Any CPU
		{10639C18-202B-4525-890B-4FA698DB0653}.Debug|Any CPU.Deploy.0 = Debug|Any CPU
		{10639C18-202B-4525-890B-4FA698DB0653}.Release|Any CPU.ActiveCfg = Release|Any CPU
		{10639C18-202B-4525-890B-4FA698DB0653}.Release|Any CPU.Build.0 = Release|Any CPU
		{10639C18-202B-4525-890B-4FA698DB0653}.Release|Any CPU.Deploy.0 = Release|Any CPU
	EndGlobalSection
	GlobalSection(SolutionProperties) = preSolution
		HideSolutionNode = FALSE
	EndGlobalSection
	GlobalSection(ExtensibilityGlobals) = postSolution
		SolutionGuid = {9E5A21FE-4909-423A-9EF1-712CB5AE7FA5}
	EndGlobalSection
EndGlobal
